// !$*UTF8*$!
{
	archiveVersion = 1;
	classes = {
	};
	objectVersion = 46;
	objects = {

/* Begin PBXBuildFile section */
		A55548DD1BEE22E500FE6ADD /* main.m in Sources */ = {isa = PBXBuildFile; fileRef = A55548DC1BEE22E500FE6ADD /* main.m */; };
		A55548E01BEE22E500FE6ADD /* AppDelegate.m in Sources */ = {isa = PBXBuildFile; fileRef = A55548DF1BEE22E500FE6ADD /* AppDelegate.m */; };
		A55548E31BEE22E500FE6ADD /* ViewController.m in Sources */ = {isa = PBXBuildFile; fileRef = A55548E21BEE22E500FE6ADD /* ViewController.m */; };
		A55548E61BEE22E500FE6ADD /* Main.storyboard in Resources */ = {isa = PBXBuildFile; fileRef = A55548E41BEE22E500FE6ADD /* Main.storyboard */; };
		A55548E81BEE22E500FE6ADD /* Assets.xcassets in Resources */ = {isa = PBXBuildFile; fileRef = A55548E71BEE22E500FE6ADD /* Assets.xcassets */; };
		A55548EB1BEE22E500FE6ADD /* LaunchScreen.storyboard in Resources */ = {isa = PBXBuildFile; fileRef = A55548E91BEE22E500FE6ADD /* LaunchScreen.storyboard */; };
		A55548F61BEE22E500FE6ADD /* AutoLayoutTestTests.m in Sources */ = {isa = PBXBuildFile; fileRef = A55548F51BEE22E500FE6ADD /* AutoLayoutTestTests.m */; };
		A55549011BEE22E500FE6ADD /* AutoLayoutTestUITests.m in Sources */ = {isa = PBXBuildFile; fileRef = A55549001BEE22E500FE6ADD /* AutoLayoutTestUITests.m */; };
		A55549191BEF329F00FE6ADD /* AutoLayoutWithScrollView.storyboard in Resources */ = {isa = PBXBuildFile; fileRef = A55549181BEF329F00FE6ADD /* AutoLayoutWithScrollView.storyboard */; };
		A555491C1BEF3AFA00FE6ADD /* CustomCell.m in Sources */ = {isa = PBXBuildFile; fileRef = A555491B1BEF3AFA00FE6ADD /* CustomCell.m */; };
		A555491F1BEF437C00FE6ADD /* SelfSizeingTableViewController.m in Sources */ = {isa = PBXBuildFile; fileRef = A555491E1BEF437C00FE6ADD /* SelfSizeingTableViewController.m */; };
		A55549211BEF4CF300FE6ADD /* Center.storyboard in Resources */ = {isa = PBXBuildFile; fileRef = A55549201BEF4CF300FE6ADD /* Center.storyboard */; };
/* End PBXBuildFile section */

/* Begin PBXContainerItemProxy section */
		A55548F21BEE22E500FE6ADD /* PBXContainerItemProxy */ = {
			isa = PBXContainerItemProxy;
			containerPortal = A55548D01BEE22E500FE6ADD /* Project object */;
			proxyType = 1;
			remoteGlobalIDString = A55548D71BEE22E500FE6ADD;
			remoteInfo = AutoLayoutTest;
		};
		A55548FD1BEE22E500FE6ADD /* PBXContainerItemProxy */ = {
			isa = PBXContainerItemProxy;
			containerPortal = A55548D01BEE22E500FE6ADD /* Project object */;
			proxyType = 1;
			remoteGlobalIDString = A55548D71BEE22E500FE6ADD;
			remoteInfo = AutoLayoutTest;
		};
/* End PBXContainerItemProxy section */

/* Begin PBXFileReference section */
		A55548D81BEE22E500FE6ADD /* AutoLayoutTest.app */ = {isa = PBXFileReference; explicitFileType = wrapper.application; includeInIndex = 0; path = AutoLayoutTest.app; sourceTree = BUILT_PRODUCTS_DIR; };
		A55548DC1BEE22E500FE6ADD /* main.m */ = {isa = PBXFileReference; lastKnownFileType = sourcecode.c.objc; path = main.m; sourceTree = "<group>"; };
		A55548DE1BEE22E500FE6ADD /* AppDelegate.h */ = {isa = PBXFileReference; lastKnownFileType = sourcecode.c.h; path = AppDelegate.h; sourceTree = "<group>"; };
		A55548DF1BEE22E500FE6ADD /* AppDelegate.m */ = {isa = PBXFileReference; lastKnownFileType = sourcecode.c.objc; path = AppDelegate.m; sourceTree = "<group>"; };
		A55548E11BEE22E500FE6ADD /* ViewController.h */ = {isa = PBXFileReference; lastKnownFileType = sourcecode.c.h; path = ViewController.h; sourceTree = "<group>"; };
		A55548E21BEE22E500FE6ADD /* ViewController.m */ = {isa = PBXFileReference; lastKnownFileType = sourcecode.c.objc; path = ViewController.m; sourceTree = "<group>"; };
		A55548E51BEE22E500FE6ADD /* Base */ = {isa = PBXFileReference; lastKnownFileType = file.storyboard; name = Base; path = Base.lproj/Main.storyboard; sourceTree = "<group>"; };
		A55548E71BEE22E500FE6ADD /* Assets.xcassets */ = {isa = PBXFileReference; lastKnownFileType = folder.assetcatalog; path = Assets.xcassets; sourceTree = "<group>"; };
		A55548EA1BEE22E500FE6ADD /* Base */ = {isa = PBXFileReference; lastKnownFileType = file.storyboard; name = Base; path = Base.lproj/LaunchScreen.storyboard; sourceTree = "<group>"; };
		A55548EC1BEE22E500FE6ADD /* Info.plist */ = {isa = PBXFileReference; lastKnownFileType = text.plist.xml; path = Info.plist; sourceTree = "<group>"; };
		A55548F11BEE22E500FE6ADD /* AutoLayoutTestTests.xctest */ = {isa = PBXFileReference; explicitFileType = wrapper.cfbundle; includeInIndex = 0; path = AutoLayoutTestTests.xctest; sourceTree = BUILT_PRODUCTS_DIR; };
		A55548F51BEE22E500FE6ADD /* AutoLayoutTestTests.m */ = {isa = PBXFileReference; lastKnownFileType = sourcecode.c.objc; path = AutoLayoutTestTests.m; sourceTree = "<group>"; };
		A55548F71BEE22E500FE6ADD /* Info.plist */ = {isa = PBXFileReference; lastKnownFileType = text.plist.xml; path = Info.plist; sourceTree = "<group>"; };
		A55548FC1BEE22E500FE6ADD /* AutoLayoutTestUITests.xctest */ = {isa = PBXFileReference; explicitFileType = wrapper.cfbundle; includeInIndex = 0; path = AutoLayoutTestUITests.xctest; sourceTree = BUILT_PRODUCTS_DIR; };
		A55549001BEE22E500FE6ADD /* AutoLayoutTestUITests.m */ = {isa = PBXFileReference; lastKnownFileType = sourcecode.c.objc; path = AutoLayoutTestUITests.m; sourceTree = "<group>"; };
		A55549021BEE22E500FE6ADD /* Info.plist */ = {isa = PBXFileReference; lastKnownFileType = text.plist.xml; path = Info.plist; sourceTree = "<group>"; };
		A55549181BEF329F00FE6ADD /* AutoLayoutWithScrollView.storyboard */ = {isa = PBXFileReference; fileEncoding = 4; lastKnownFileType = file.storyboard; name = AutoLayoutWithScrollView.storyboard; path = ../AutoLayoutWithScrollView.storyboard; sourceTree = "<group>"; };
		A555491A1BEF3AFA00FE6ADD /* CustomCell.h */ = {isa = PBXFileReference; fileEncoding = 4; lastKnownFileType = sourcecode.c.h; path = CustomCell.h; sourceTree = "<group>"; };
		A555491B1BEF3AFA00FE6ADD /* CustomCell.m */ = {isa = PBXFileReference; fileEncoding = 4; lastKnownFileType = sourcecode.c.objc; path = CustomCell.m; sourceTree = "<group>"; };
		A555491D1BEF437C00FE6ADD /* SelfSizeingTableViewController.h */ = {isa = PBXFileReference; fileEncoding = 4; lastKnownFileType = sourcecode.c.h; path = SelfSizeingTableViewController.h; sourceTree = "<group>"; };
		A555491E1BEF437C00FE6ADD /* SelfSizeingTableViewController.m */ = {isa = PBXFileReference; fileEncoding = 4; lastKnownFileType = sourcecode.c.objc; path = SelfSizeingTableViewController.m; sourceTree = "<group>"; };
		A55549201BEF4CF300FE6ADD /* Center.storyboard */ = {isa = PBXFileReference; fileEncoding = 4; lastKnownFileType = file.storyboard; path = Center.storyboard; sourceTree = "<group>"; };
/* End PBXFileReference section */

/* Begin PBXFrameworksBuildPhase section */
		A55548D51BEE22E500FE6ADD /* Frameworks */ = {
			isa = PBXFrameworksBuildPhase;
			buildActionMask = 2147483647;
			files = (
			);
			runOnlyForDeploymentPostprocessing = 0;
		};
		A55548EE1BEE22E500FE6ADD /* Frameworks */ = {
			isa = PBXFrameworksBuildPhase;
			buildActionMask = 2147483647;
			files = (
			);
			runOnlyForDeploymentPostprocessing = 0;
		};
		A55548F91BEE22E500FE6ADD /* Frameworks */ = {
			isa = PBXFrameworksBuildPhase;
			buildActionMask = 2147483647;
			files = (
			);
			runOnlyForDeploymentPostprocessing = 0;
		};
/* End PBXFrameworksBuildPhase section */

/* Begin PBXGroup section */
		A55548CF1BEE22E500FE6ADD = {
			isa = PBXGroup;
			children = (
				A55548DA1BEE22E500FE6ADD /* AutoLayoutTest */,
				A55548F41BEE22E500FE6ADD /* AutoLayoutTestTests */,
				A55548FF1BEE22E500FE6ADD /* AutoLayoutTestUITests */,
				A55548D91BEE22E500FE6ADD /* Products */,
			);
			sourceTree = "<group>";
		};
		A55548D91BEE22E500FE6ADD /* Products */ = {
			isa = PBXGroup;
			children = (
				A55548D81BEE22E500FE6ADD /* AutoLayoutTest.app */,
				A55548F11BEE22E500FE6ADD /* AutoLayoutTestTests.xctest */,
				A55548FC1BEE22E500FE6ADD /* AutoLayoutTestUITests.xctest */,
			);
			name = Products;
			sourceTree = "<group>";
		};
		A55548DA1BEE22E500FE6ADD /* AutoLayoutTest */ = {
			isa = PBXGroup;
			children = (
				A55548DE1BEE22E500FE6ADD /* AppDelegate.h */,
				A55548DF1BEE22E500FE6ADD /* AppDelegate.m */,
				A55548E11BEE22E500FE6ADD /* ViewController.h */,
				A55548E21BEE22E500FE6ADD /* ViewController.m */,
				A555491D1BEF437C00FE6ADD /* SelfSizeingTableViewController.h */,
				A555491E1BEF437C00FE6ADD /* SelfSizeingTableViewController.m */,
				A555491A1BEF3AFA00FE6ADD /* CustomCell.h */,
				A555491B1BEF3AFA00FE6ADD /* CustomCell.m */,
				A55548E41BEE22E500FE6ADD /* Main.storyboard */,
				A55549181BEF329F00FE6ADD /* AutoLayoutWithScrollView.storyboard */,
				A55549201BEF4CF300FE6ADD /* Center.storyboard */,
				A55548E71BEE22E500FE6ADD /* Assets.xcassets */,
				A55548E91BEE22E500FE6ADD /* LaunchScreen.storyboard */,
				A55548EC1BEE22E500FE6ADD /* Info.plist */,
				A55548DB1BEE22E500FE6ADD /* Supporting Files */,
			);
			path = AutoLayoutTest;
			sourceTree = "<group>";
		};
		A55548DB1BEE22E500FE6ADD /* Supporting Files */ = {
			isa = PBXGroup;
			children = (
				A55548DC1BEE22E500FE6ADD /* main.m */,
			);
			name = "Supporting Files";
			sourceTree = "<group>";
		};
		A55548F41BEE22E500FE6ADD /* AutoLayoutTestTests */ = {
			isa = PBXGroup;
			children = (
				A55548F51BEE22E500FE6ADD /* AutoLayoutTestTests.m */,
				A55548F71BEE22E500FE6ADD /* Info.plist */,
			);
			path = AutoLayoutTestTests;
			sourceTree = "<group>";
		};
		A55548FF1BEE22E500FE6ADD /* AutoLayoutTestUITests */ = {
			isa = PBXGroup;
			children = (
				A55549001BEE22E500FE6ADD /* AutoLayoutTestUITests.m */,
				A55549021BEE22E500FE6ADD /* Info.plist */,
			);
			path = AutoLayoutTestUITests;
			sourceTree = "<group>";
		};
/* End PBXGroup section */

/* Begin PBXNativeTarget section */
		A55548D71BEE22E500FE6ADD /* AutoLayoutTest */ = {
			isa = PBXNativeTarget;
			buildConfigurationList = A55549051BEE22E500FE6ADD /* Build configuration list for PBXNativeTarget "AutoLayoutTest" */;
			buildPhases = (
				A55548D41BEE22E500FE6ADD /* Sources */,
				A55548D51BEE22E500FE6ADD /* Frameworks */,
				A55548D61BEE22E500FE6ADD /* Resources */,
			);
			buildRules = (
			);
			dependencies = (
			);
			name = AutoLayoutTest;
			productName = AutoLayoutTest;
			productReference = A55548D81BEE22E500FE6ADD /* AutoLayoutTest.app */;
			productType = "com.apple.product-type.application";
		};
		A55548F01BEE22E500FE6ADD /* AutoLayoutTestTests */ = {
			isa = PBXNativeTarget;
			buildConfigurationList = A55549081BEE22E500FE6ADD /* Build configuration list for PBXNativeTarget "AutoLayoutTestTests" */;
			buildPhases = (
				A55548ED1BEE22E500FE6ADD /* Sources */,
				A55548EE1BEE22E500FE6ADD /* Frameworks */,
				A55548EF1BEE22E500FE6ADD /* Resources */,
			);
			buildRules = (
			);
			dependencies = (
				A55548F31BEE22E500FE6ADD /* PBXTargetDependency */,
			);
			name = AutoLayoutTestTests;
			productName = AutoLayoutTestTests;
			productReference = A55548F11BEE22E500FE6ADD /* AutoLayoutTestTests.xctest */;
			productType = "com.apple.product-type.bundle.unit-test";
		};
		A55548FB1BEE22E500FE6ADD /* AutoLayoutTestUITests */ = {
			isa = PBXNativeTarget;
			buildConfigurationList = A555490B1BEE22E500FE6ADD /* Build configuration list for PBXNativeTarget "AutoLayoutTestUITests" */;
			buildPhases = (
				A55548F81BEE22E500FE6ADD /* Sources */,
				A55548F91BEE22E500FE6ADD /* Frameworks */,
				A55548FA1BEE22E500FE6ADD /* Resources */,
			);
			buildRules = (
			);
			dependencies = (
				A55548FE1BEE22E500FE6ADD /* PBXTargetDependency */,
			);
			name = AutoLayoutTestUITests;
			productName = AutoLayoutTestUITests;
			productReference = A55548FC1BEE22E500FE6ADD /* AutoLayoutTestUITests.xctest */;
			productType = "com.apple.product-type.bundle.ui-testing";
		};
/* End PBXNativeTarget section */

/* Begin PBXProject section */
		A55548D01BEE22E500FE6ADD /* Project object */ = {
			isa = PBXProject;
			attributes = {
				LastUpgradeCheck = 0710;
				ORGANIZATIONNAME = Hunuo;
				TargetAttributes = {
					A55548D71BEE22E500FE6ADD = {
						CreatedOnToolsVersion = 7.1;
					};
					A55548F01BEE22E500FE6ADD = {
						CreatedOnToolsVersion = 7.1;
						TestTargetID = A55548D71BEE22E500FE6ADD;
					};
					A55548FB1BEE22E500FE6ADD = {
						CreatedOnToolsVersion = 7.1;
						TestTargetID = A55548D71BEE22E500FE6ADD;
					};
				};
			};
			buildConfigurationList = A55548D31BEE22E500FE6ADD /* Build configuration list for PBXProject "AutoLayoutTest" */;
			compatibilityVersion = "Xcode 3.2";
			developmentRegion = English;
			hasScannedForEncodings = 0;
			knownRegions = (
				en,
				Base,
			);
			mainGroup = A55548CF1BEE22E500FE6ADD;
			productRefGroup = A55548D91BEE22E500FE6ADD /* Products */;
			projectDirPath = "";
			projectRoot = "";
			targets = (
				A55548D71BEE22E500FE6ADD /* AutoLayoutTest */,
				A55548F01BEE22E500FE6ADD /* AutoLayoutTestTests */,
				A55548FB1BEE22E500FE6ADD /* AutoLayoutTestUITests */,
			);
		};
/* End PBXProject section */

/* Begin PBXResourcesBuildPhase section */
		A55548D61BEE22E500FE6ADD /* Resources */ = {
			isa = PBXResourcesBuildPhase;
			buildActionMask = 2147483647;
			files = (
				A55548EB1BEE22E500FE6ADD /* LaunchScreen.storyboard in Resources */,
				A55549211BEF4CF300FE6ADD /* Center.storyboard in Resources */,
				A55548E81BEE22E500FE6ADD /* Assets.xcassets in Resources */,
				A55548E61BEE22E500FE6ADD /* Main.storyboard in Resources */,
				A55549191BEF329F00FE6ADD /* AutoLayoutWithScrollView.storyboard in Resources */,
			);
			runOnlyForDeploymentPostprocessing = 0;
		};
		A55548EF1BEE22E500FE6ADD /* Resources */ = {
			isa = PBXResourcesBuildPhase;
			buildActionMask = 2147483647;
			files = (
			);
			runOnlyForDeploymentPostprocessing = 0;
		};
		A55548FA1BEE22E500FE6ADD /* Resources */ = {
			isa = PBXResourcesBuildPhase;
			buildActionMask = 2147483647;
			files = (
			);
			runOnlyForDeploymentPostprocessing = 0;
		};
/* End PBXResourcesBuildPhase section */

/* Begin PBXSourcesBuildPhase section */
		A55548D41BEE22E500FE6ADD /* Sources */ = {
			isa = PBXSourcesBuildPhase;
			buildActionMask = 2147483647;
			files = (
				A555491F1BEF437C00FE6ADD /* SelfSizeingTableViewController.m in Sources */,
				A55548E31BEE22E500FE6ADD /* ViewController.m in Sources */,
				A55548E01BEE22E500FE6ADD /* AppDelegate.m in Sources */,
				A55548DD1BEE22E500FE6ADD /* main.m in Sources */,
				A555491C1BEF3AFA00FE6ADD /* CustomCell.m in Sources */,
			);
			runOnlyForDeploymentPostprocessing = 0;
		};
		A55548ED1BEE22E500FE6ADD /* Sources */ = {
			isa = PBXSourcesBuildPhase;
			buildActionMask = 2147483647;
			files = (
				A55548F61BEE22E500FE6ADD /* AutoLayoutTestTests.m in Sources */,
			);
			runOnlyForDeploymentPostprocessing = 0;
		};
		A55548F81BEE22E500FE6ADD /* Sources */ = {
			isa = PBXSourcesBuildPhase;
			buildActionMask = 2147483647;
			files = (
				A55549011BEE22E500FE6ADD /* AutoLayoutTestUITests.m in Sources */,
			);
			runOnlyForDeploymentPostprocessing = 0;
		};
/* End PBXSourcesBuildPhase section */

/* Begin PBXTargetDependency section */
		A55548F31BEE22E500FE6ADD /* PBXTargetDependency */ = {
			isa = PBXTargetDependency;
			target = A55548D71BEE22E500FE6ADD /* AutoLayoutTest */;
			targetProxy = A55548F21BEE22E500FE6ADD /* PBXContainerItemProxy */;
		};
		A55548FE1BEE22E500FE6ADD /* PBXTargetDependency */ = {
			isa = PBXTargetDependency;
			target = A55548D71BEE22E500FE6ADD /* AutoLayoutTest */;
			targetProxy = A55548FD1BEE22E500FE6ADD /* PBXContainerItemProxy */;
		};
/* End PBXTargetDependency section */

/* Begin PBXVariantGroup section */
		A55548E41BEE22E500FE6ADD /* Main.storyboard */ = {
			isa = PBXVariantGroup;
			children = (
				A55548E51BEE22E500FE6ADD /* Base */,
			);
			name = Main.storyboard;
			sourceTree = "<group>";
		};
		A55548E91BEE22E500FE6ADD /* LaunchScreen.storyboard */ = {
			isa = PBXVariantGroup;
			children = (
				A55548EA1BEE22E500FE6ADD /* Base */,
			);
			name = LaunchScreen.storyboard;
			sourceTree = "<group>";
		};
/* End PBXVariantGroup section */

/* Begin XCBuildConfiguration section */
		A55549031BEE22E500FE6ADD /* Debug */ = {
			isa = XCBuildConfiguration;
			buildSettings = {
				ALWAYS_SEARCH_USER_PATHS = NO;
				CLANG_CXX_LANGUAGE_STANDARD = "gnu++0x";
				CLANG_CXX_LIBRARY = "libc++";
				CLANG_ENABLE_MODULES = YES;
				CLANG_ENABLE_OBJC_ARC = YES;
				CLANG_WARN_BOOL_CONVERSION = YES;
				CLANG_WARN_CONSTANT_CONVERSION = YES;
				CLANG_WARN_DIRECT_OBJC_ISA_USAGE = YES_ERROR;
				CLANG_WARN_EMPTY_BODY = YES;
				CLANG_WARN_ENUM_CONVERSION = YES;
				CLANG_WARN_INT_CONVERSION = YES;
				CLANG_WARN_OBJC_ROOT_CLASS = YES_ERROR;
				CLANG_WARN_UNREACHABLE_CODE = YES;
				CLANG_WARN__DUPLICATE_METHOD_MATCH = YES;
				"CODE_SIGN_IDENTITY[sdk=iphoneos*]" = "iPhone Developer";
				COPY_PHASE_STRIP = NO;
				DEBUG_INFORMATION_FORMAT = dwarf;
				ENABLE_STRICT_OBJC_MSGSEND = YES;
				ENABLE_TESTABILITY = YES;
				GCC_C_LANGUAGE_STANDARD = gnu99;
				GCC_DYNAMIC_NO_PIC = NO;
				GCC_NO_COMMON_BLOCKS = YES;
				GCC_OPTIMIZATION_LEVEL = 0;
				GCC_PREPROCESSOR_DEFINITIONS = (
					"DEBUG=1",
					"$(inherited)",
				);
				GCC_WARN_64_TO_32_BIT_CONVERSION = YES;
				GCC_WARN_ABOUT_RETURN_TYPE = YES_ERROR;
				GCC_WARN_UNDECLARED_SELECTOR = YES;
				GCC_WARN_UNINITIALIZED_AUTOS = YES_AGGRESSIVE;
				GCC_WARN_UNUSED_FUNCTION = YES;
				GCC_WARN_UNUSED_VARIABLE = YES;
				IPHONEOS_DEPLOYMENT_TARGET = 9.1;
				MTL_ENABLE_DEBUG_INFO = YES;
				ONLY_ACTIVE_ARCH = YES;
				SDKROOT = iphoneos;
			};
			name = Debug;
		};
		A55549041BEE22E500FE6ADD /* Release */ = {
			isa = XCBuildConfiguration;
			buildSettings = {
				ALWAYS_SEARCH_USER_PATHS = NO;
				CLANG_CXX_LANGUAGE_STANDARD = "gnu++0x";
				CLANG_CXX_LIBRARY = "libc++";
				CLANG_ENABLE_MODULES = YES;
				CLANG_ENABLE_OBJC_ARC = YES;
				CLANG_WARN_BOOL_CONVERSION = YES;
				CLANG_WARN_CONSTANT_CONVERSION = YES;
				CLANG_WARN_DIRECT_OBJC_ISA_USAGE = YES_ERROR;
				CLANG_WARN_EMPTY_BODY = YES;
				CLANG_WARN_ENUM_CONVERSION = YES;
				CLANG_WARN_INT_CONVERSION = YES;
				CLANG_WARN_OBJC_ROOT_CLASS = YES_ERROR;
				CLANG_WARN_UNREACHABLE_CODE = YES;
				CLANG_WARN__DUPLICATE_METHOD_MATCH = YES;
				"CODE_SIGN_IDENTITY[sdk=iphoneos*]" = "iPhone Developer";
				COPY_PHASE_STRIP = NO;
				DEBUG_INFORMATION_FORMAT = "dwarf-with-dsym";
				ENABLE_NS_ASSERTIONS = NO;
				ENABLE_STRICT_OBJC_MSGSEND = YES;
				GCC_C_LANGUAGE_STANDARD = gnu99;
				GCC_NO_COMMON_BLOCKS = YES;
				GCC_WARN_64_TO_32_BIT_CONVERSION = YES;
				GCC_WARN_ABOUT_RETURN_TYPE = YES_ERROR;
				GCC_WARN_UNDECLARED_SELECTOR = YES;
				GCC_WARN_UNINITIALIZED_AUTOS = YES_AGGRESSIVE;
				GCC_WARN_UNUSED_FUNCTION = YES;
				GCC_WARN_UNUSED_VARIABLE = YES;
				IPHONEOS_DEPLOYMENT_TARGET = 9.1;
				MTL_ENABLE_DEBUG_INFO = NO;
				SDKROOT = iphoneos;
				VALIDATE_PRODUCT = YES;
			};
			name = Release;
		};
		A55549061BEE22E500FE6ADD /* Debug */ = {
			isa = XCBuildConfiguration;
			buildSettings = {
				ASSETCATALOG_COMPILER_APPICON_NAME = AppIcon;
				INFOPLIST_FILE = AutoLayoutTest/Info.plist;
				LD_RUNPATH_SEARCH_PATHS = "$(inherited) @executable_path/Frameworks";
				PRODUCT_BUNDLE_IDENTIFIER = com.eleven.app.AutoLayoutTest;
				PRODUCT_NAME = "$(TARGET_NAME)";
			};
			name = Debug;
		};
		A55549071BEE22E500FE6ADD /* Release */ = {
			isa = XCBuildConfiguration;
			buildSettings = {
				ASSETCATALOG_COMPILER_APPICON_NAME = AppIcon;
				INFOPLIST_FILE = AutoLayoutTest/Info.plist;
				LD_RUNPATH_SEARCH_PATHS = "$(inherited) @executable_path/Frameworks";
				PRODUCT_BUNDLE_IDENTIFIER = com.eleven.app.AutoLayoutTest;
				PRODUCT_NAME = "$(TARGET_NAME)";
			};
			name = Release;
		};
		A55549091BEE22E500FE6ADD /* Debug */ = {
			isa = XCBuildConfiguration;
			buildSettings = {
				BUNDLE_LOADER = "$(TEST_HOST)";
				INFOPLIST_FILE = AutoLayoutTestTests/Info.plist;
				LD_RUNPATH_SEARCH_PATHS = "$(inherited) @executable_path/Frameworks @loader_path/Frameworks";
				PRODUCT_BUNDLE_IDENTIFIER = com.eleven.app.AutoLayoutTestTests;
				PRODUCT_NAME = "$(TARGET_NAME)";
				TEST_HOST = "$(BUILT_PRODUCTS_DIR)/AutoLayoutTest.app/AutoLayoutTest";
			};
			name = Debug;
		};
		A555490A1BEE22E500FE6ADD /* Release */ = {
			isa = XCBuildConfiguration;
			buildSettings = {
				BUNDLE_LOADER = "$(TEST_HOST)";
				INFOPLIST_FILE = AutoLayoutTestTests/Info.plist;
				LD_RUNPATH_SEARCH_PATHS = "$(inherited) @executable_path/Frameworks @loader_path/Frameworks";
				PRODUCT_BUNDLE_IDENTIFIER = com.eleven.app.AutoLayoutTestTests;
				PRODUCT_NAME = "$(TARGET_NAME)";
				TEST_HOST = "$(BUILT_PRODUCTS_DIR)/AutoLayoutTest.app/AutoLayoutTest";
			};
			name = Release;
		};
		A555490C1BEE22E500FE6ADD /* Debug */ = {
			isa = XCBuildConfiguration;
			buildSettings = {
				INFOPLIST_FILE = AutoLayoutTestUITests/Info.plist;
				LD_RUNPATH_SEARCH_PATHS = "$(inherited) @executable_path/Frameworks @loader_path/Frameworks";
				PRODUCT_BUNDLE_IDENTIFIER = com.eleven.app.AutoLayoutTestUITests;
				PRODUCT_NAME = "$(TARGET_NAME)";
				TEST_TARGET_NAME = AutoLayoutTest;
				USES_XCTRUNNER = YES;
			};
			name = Debug;
		};
		A555490D1BEE22E500FE6ADD /* Release */ = {
			isa = XCBuildConfiguration;
			buildSettings = {
				INFOPLIST_FILE = AutoLayoutTestUITests/Info.plist;
				LD_RUNPATH_SEARCH_PATHS = "$(inherited) @executable_path/Frameworks @loader_path/Frameworks";
				PRODUCT_BUNDLE_IDENTIFIER = com.eleven.app.AutoLayoutTestUITests;
				PRODUCT_NAME = "$(TARGET_NAME)";
				TEST_TARGET_NAME = AutoLayoutTest;
				USES_XCTRUNNER = YES;
			};
			name = Release;
		};
/* End XCBuildConfiguration section */

/* Begin XCConfigurationList section */
		A55548D31BEE22E500FE6ADD /* Build configuration list for PBXProject "AutoLayoutTest" */ = {
			isa = XCConfigurationList;
			buildConfigurations = (
				A55549031BEE22E500FE6ADD /* Debug */,
				A55549041BEE22E500FE6ADD /* Release */,
			);
			defaultConfigurationIsVisible = 0;
			defaultConfigurationName = Release;
		};
		A55549051BEE22E500FE6ADD /* Build configuration list for PBXNativeTarget "AutoLayoutTest" */ = {
			isa = XCConfigurationList;
			buildConfigurations = (
				A55549061BEE22E500FE6ADD /* Debug */,
				A55549071BEE22E500FE6ADD /* Release */,
			);
			defaultConfigurationIsVisible = 0;
		};
		A55549081BEE22E500FE6ADD /* Build configuration list for PBXNativeTarget "AutoLayoutTestTests" */ = {
			isa = XCConfigurationList;
			buildConfigurations = (
				A55549091BEE22E500FE6ADD /* Debug */,
				A555490A1BEE22E500FE6ADD /* Release */,
			);
			defaultConfigurationIsVisible = 0;
		};
		A555490B1BEE22E500FE6ADD /* Build configuration list for PBXNativeTarget "AutoLayoutTestUITests" */ = {
			isa = XCConfigurationList;
			buildConfigurations = (
				A555490C1BEE22E500FE6ADD /* Debug */,
				A555490D1BEE22E500FE6ADD /* Release */,
			);
			defaultConfigurationIsVisible = 0;
		};
/* End XCConfigurationList section */
	};
	rootObject = A55548D01BEE22E500FE6ADD /* Project object */;
}
